
Microsoft Visual Studio Solution File, Format Version 12.00
# Visual Studio 2012
Project("{FAE04EC0-301F-11D3-BF4B-00C04F79EFBC}") = "SangamithraClinic", "SangamithraClinic\SangamithraClinic.csproj", "{17BFD30A-DA12-43FA-8C8F-C81F8A167C44}"
EndProject
Global
	GlobalSection(SolutionConfigurationPlatforms) = preSolution
		Debug|Any CPU = Debug|Any CPU
		Release|Any CPU = Release|Any CPU
	EndGlobalSection
	GlobalSection(ProjectConfigurationPlatforms) = postSolution
		{17BFD30A-DA12-43FA-8C8F-C81F8A167C44}.Debug|Any CPU.ActiveCfg = Debug|Any CPU
		{17BFD30A-DA12-43FA-8C8F-C81F8A167C44}.Debug|Any CPU.Build.0 = Debug|Any CPU
		{17BFD30A-DA12-43FA-8C8F-C81F8A167C44}.Release|Any CPU.ActiveCfg = Release|Any CPU
		{17BFD30A-DA12-43FA-8C8F-C81F8A167C44}.Release|Any CPU.Build.0 = Release|Any CPU
	EndGlobalSection
	GlobalSection(SolutionProperties) = preSolution
		HideSolutionNode = FALSE
	EndGlobalSection
EndGlobal
